
Microsoft Visual Studio Solution File, Format Version 12.00
# Visual Studio Version 16
VisualStudioVersion = 16.0.31702.278
MinimumVisualStudioVersion = 10.0.40219.1
Project("{9A19103F-16F7-4668-BE54-9A1E7A4F7556}") = "WebAPI", "WebAPI\WebAPI.csproj", "{92D208D6-5C43-4B98-BFCD-5DE4205659DB}"
EndProject
Project("{FAE04EC0-301F-11D3-BF4B-00C04F79EFBC}") = "Prichici_Maria_Lab12.Android", "Prichici_Maria_Lab12\Prichici_Maria_Lab12.Android\Prichici_Maria_Lab12.Android.csproj", "{CF723F46-87A3-4D13-B6E1-EA078E89583F}"
EndProject
Project("{FAE04EC0-301F-11D3-BF4B-00C04F79EFBC}") = "Prichici_Maria_Lab12.iOS", "Prichici_Maria_Lab12\Prichici_Maria_Lab12.iOS\Prichici_Maria_Lab12.iOS.csproj", "{46265272-BB34-462B-BE40-F67AAAC248FB}"
EndProject
Project("{FAE04EC0-301F-11D3-BF4B-00C04F79EFBC}") = "Prichici_Maria_Lab12", "Prichici_Maria_Lab12\Prichici_Maria_Lab12\Prichici_Maria_Lab12.csproj", "{390B5FCE-3A8D-4EE0-9F2F-B1BB1B68660E}"
EndProject
Global
	GlobalSection(SolutionConfigurationPlatforms) = preSolution
		Debug|Any CPU = Debug|Any CPU
		Debug|iPhone = Debug|iPhone
		Debug|iPhoneSimulator = Debug|iPhoneSimulator
		Release|Any CPU = Release|Any CPU
		Release|iPhone = Release|iPhone
		Release|iPhoneSimulator = Release|iPhoneSimulator
	EndGlobalSection
	GlobalSection(ProjectConfigurationPlatforms) = postSolution
		{92D208D6-5C43-4B98-BFCD-5DE4205659DB}.Debug|Any CPU.ActiveCfg = Debug|Any CPU
		{92D208D6-5C43-4B98-BFCD-5DE4205659DB}.Debug|Any CPU.Build.0 = Debug|Any CPU
		{92D208D6-5C43-4B98-BFCD-5DE4205659DB}.Debug|iPhone.ActiveCfg = Debug|Any CPU
		{92D208D6-5C43-4B98-BFCD-5DE4205659DB}.Debug|iPhone.Build.0 = Debug|Any CPU
		{92D208D6-5C43-4B98-BFCD-5DE4205659DB}.Debug|iPhoneSimulator.ActiveCfg = Debug|Any CPU
		{92D208D6-5C43-4B98-BFCD-5DE4205659DB}.Debug|iPhoneSimulator.Build.0 = Debug|Any CPU
		{92D208D6-5C43-4B98-BFCD-5DE4205659DB}.Release|Any CPU.ActiveCfg = Release|Any CPU
		{92D208D6-5C43-4B98-BFCD-5DE4205659DB}.Release|Any CPU.Build.0 = Release|Any CPU
		{92D208D6-5C43-4B98-BFCD-5DE4205659DB}.Release|iPhone.ActiveCfg = Release|Any CPU
		{92D208D6-5C43-4B98-BFCD-5DE4205659DB}.Release|iPhone.Build.0 = Release|Any CPU
		{92D208D6-5C43-4B98-BFCD-5DE4205659DB}.Release|iPhoneSimulator.ActiveCfg = Release|Any CPU
		{92D208D6-5C43-4B98-BFCD-5DE4205659DB}.Release|iPhoneSimulator.Build.0 = Release|Any CPU
		{CF723F46-87A3-4D13-B6E1-EA078E89583F}.Debug|Any CPU.ActiveCfg = Debug|Any CPU
		{CF723F46-87A3-4D13-B6E1-EA078E89583F}.Debug|Any CPU.Build.0 = Debug|Any CPU
		{CF723F46-87A3-4D13-B6E1-EA078E89583F}.Debug|Any CPU.Deploy.0 = Debug|Any CPU
		{CF723F46-87A3-4D13-B6E1-EA078E89583F}.Debug|iPhone.ActiveCfg = Debug|Any CPU
		{CF723F46-87A3-4D13-B6E1-EA078E89583F}.Debug|iPhone.Build.0 = Debug|Any CPU
		{CF723F46-87A3-4D13-B6E1-EA078E89583F}.Debug|iPhone.Deploy.0 = Debug|Any CPU
		{CF723F46-87A3-4D13-B6E1-EA078E89583F}.Debug|iPhoneSimulator.ActiveCfg = Debug|Any CPU
		{CF723F46-87A3-4D13-B6E1-EA078E89583F}.Debug|iPhoneSimulator.Build.0 = Debug|Any CPU
		{CF723F46-87A3-4D13-B6E1-EA078E89583F}.Debug|iPhoneSimulator.Deploy.0 = Debug|Any CPU
		{CF723F46-87A3-4D13-B6E1-EA078E89583F}.Release|Any CPU.ActiveCfg = Release|Any CPU
		{CF723F46-87A3-4D13-B6E1-EA078E89583F}.Release|Any CPU.Build.0 = Release|Any CPU
		{CF723F46-87A3-4D13-B6E1-EA078E89583F}.Release|Any CPU.Deploy.0 = Release|Any CPU
		{CF723F46-87A3-4D13-B6E1-EA078E89583F}.Release|iPhone.ActiveCfg = Release|Any CPU
		{CF723F46-87A3-4D13-B6E1-EA078E89583F}.Release|iPhone.Build.0 = Release|Any CPU
		{CF723F46-87A3-4D13-B6E1-EA078E89583F}.Release|iPhone.Deploy.0 = Release|Any CPU
		{CF723F46-87A3-4D13-B6E1-EA078E89583F}.Release|iPhoneSimulator.ActiveCfg = Release|Any CPU
		{CF723F46-87A3-4D13-B6E1-EA078E89583F}.Release|iPhoneSimulator.Build.0 = Release|Any CPU
		{CF723F46-87A3-4D13-B6E1-EA078E89583F}.Release|iPhoneSimulator.Deploy.0 = Release|Any CPU
		{46265272-BB34-462B-BE40-F67AAAC248FB}.Debug|Any CPU.ActiveCfg = Debug|iPhoneSimulator
		{46265272-BB34-462B-BE40-F67AAAC248FB}.Debug|iPhone.ActiveCfg = Debug|iPhone
		{46265272-BB34-462B-BE40-F67AAAC248FB}.Debug|iPhone.Build.0 = Debug|iPhone
		{46265272-BB34-462B-BE40-F67AAAC248FB}.Debug|iPhoneSimulator.ActiveCfg = Debug|iPhoneSimulator
		{46265272-BB34-462B-BE40-F67AAAC248FB}.Debug|iPhoneSimulator.Build.0 = Debug|iPhoneSimulator
		{46265272-BB34-462B-BE40-F67AAAC248FB}.Release|Any CPU.ActiveCfg = Release|iPhoneSimulator
		{46265272-BB34-462B-BE40-F67AAAC248FB}.Release|iPhone.ActiveCfg = Release|iPhone
		{46265272-BB34-462B-BE40-F67AAAC248FB}.Release|iPhone.Build.0 = Release|iPhone
		{46265272-BB34-462B-BE40-F67AAAC248FB}.Release|iPhoneSimulator.ActiveCfg = Release|iPhoneSimulator
		{46265272-BB34-462B-BE40-F67AAAC248FB}.Release|iPhoneSimulator.Build.0 = Release|iPhoneSimulator
		{390B5FCE-3A8D-4EE0-9F2F-B1BB1B68660E}.Debug|Any CPU.ActiveCfg = Debug|Any CPU
		{390B5FCE-3A8D-4EE0-9F2F-B1BB1B68660E}.Debug|Any CPU.Build.0 = Debug|Any CPU
		{390B5FCE-3A8D-4EE0-9F2F-B1BB1B68660E}.Debug|iPhone.ActiveCfg = Debug|Any CPU
		{390B5FCE-3A8D-4EE0-9F2F-B1BB1B68660E}.Debug|iPhone.Build.0 = Debug|Any CPU
		{390B5FCE-3A8D-4EE0-9F2F-B1BB1B68660E}.Debug|iPhoneSimulator.ActiveCfg = Debug|Any CPU
		{390B5FCE-3A8D-4EE0-9F2F-B1BB1B68660E}.Debug|iPhoneSimulator.Build.0 = Debug|Any CPU
		{390B5FCE-3A8D-4EE0-9F2F-B1BB1B68660E}.Release|Any CPU.ActiveCfg = Release|Any CPU
		{390B5FCE-3A8D-4EE0-9F2F-B1BB1B68660E}.Release|Any CPU.Build.0 = Release|Any CPU
		{390B5FCE-3A8D-4EE0-9F2F-B1BB1B68660E}.Release|iPhone.ActiveCfg = Release|Any CPU
		{390B5FCE-3A8D-4EE0-9F2F-B1BB1B68660E}.Release|iPhone.Build.0 = Release|Any CPU
		{390B5FCE-3A8D-4EE0-9F2F-B1BB1B68660E}.Release|iPhoneSimulator.ActiveCfg = Release|Any CPU
		{390B5FCE-3A8D-4EE0-9F2F-B1BB1B68660E}.Release|iPhoneSimulator.Build.0 = Release|Any CPU
	EndGlobalSection
	GlobalSection(SolutionProperties) = preSolution
		HideSolutionNode = FALSE
	EndGlobalSection
	GlobalSection(ExtensibilityGlobals) = postSolution
		SolutionGuid = {7471D439-64B4-4B05-8E6A-F48D1294679E}
	EndGlobalSection
EndGlobal
